
Microsoft Visual Studio Solution File, Format Version 12.00
# Visual Studio Version 16
VisualStudioVersion = 16.0.31205.134
MinimumVisualStudioVersion = 10.0.40219.1
Project("{FAE04EC0-301F-11D3-BF4B-00C04F79EFBC}") = "2022_Level2_Dodge", "2022_Level2_Dodge.csproj", "{75130D26-885F-48A1-9363-B3D39AD90BB8}"
EndProject
Global
	GlobalSection(SolutionConfigurationPlatforms) = preSolution
		Debug|Any CPU = Debug|Any CPU
		Release|Any CPU = Release|Any CPU
	EndGlobalSection
	GlobalSection(ProjectConfigurationPlatforms) = postSolution
		{75130D26-885F-48A1-9363-B3D39AD90BB8}.Debug|Any CPU.ActiveCfg = Debug|Any CPU
		{75130D26-885F-48A1-9363-B3D39AD90BB8}.Debug|Any CPU.Build.0 = Debug|Any CPU
		{75130D26-885F-48A1-9363-B3D39AD90BB8}.Release|Any CPU.ActiveCfg = Release|Any CPU
		{75130D26-885F-48A1-9363-B3D39AD90BB8}.Release|Any CPU.Build.0 = Release|Any CPU
	EndGlobalSection
	GlobalSection(SolutionProperties) = preSolution
		HideSolutionNode = FALSE
	EndGlobalSection
	GlobalSection(ExtensibilityGlobals) = postSolution
		SolutionGuid = {7D2D2D38-5348-4C84-98AC-992A0FD823E2}
	EndGlobalSection
EndGlobal
